
Microsoft Visual Studio Solution File, Format Version 12.00
# Visual Studio Version 16
VisualStudioVersion = 16.0.29806.167
MinimumVisualStudioVersion = 10.0.40219.1
Project("{FAE04EC0-301F-11D3-BF4B-00C04F79EFBC}") = "FlooringOrderingSys.UI", "FlooringOrderingSys.UI\FlooringOrderingSys.UI.csproj", "{99743095-D8B7-4B4F-96D3-7E2D205232F9}"
EndProject
Project("{FAE04EC0-301F-11D3-BF4B-00C04F79EFBC}") = "FlooringOrderingSys.BLL", "..\FlooringOrderingSys.BLL\FlooringOrderingSys.BLL.csproj", "{B4F322F5-8361-4D7D-9166-E55443DF703E}"
EndProject
Project("{FAE04EC0-301F-11D3-BF4B-00C04F79EFBC}") = "FlooringOrderingSys.Models", "..\FlooringOrderingSys.Models\FlooringOrderingSys.Models.csproj", "{8FDFFC29-FC82-4AE3-B7CC-87DF0CF8CB78}"
EndProject
Project("{FAE04EC0-301F-11D3-BF4B-00C04F79EFBC}") = "FlooringOrderingSys.Data", "..\FlooringOrderingSys.Data\FlooringOrderingSys.Data.csproj", "{E4B10E74-8EC9-4C9E-BE06-D4713E0ED82F}"
EndProject
Project("{FAE04EC0-301F-11D3-BF4B-00C04F79EFBC}") = "FlooringOrderingSys.Test", "..\FlooringOrderingSys.Test\FlooringOrderingSys.Test.csproj", "{44EA7B8A-FEBB-4A6A-A8D1-362FF0049409}"
EndProject
Global
	GlobalSection(SolutionConfigurationPlatforms) = preSolution
		Debug|Any CPU = Debug|Any CPU
		Release|Any CPU = Release|Any CPU
	EndGlobalSection
	GlobalSection(ProjectConfigurationPlatforms) = postSolution
		{99743095-D8B7-4B4F-96D3-7E2D205232F9}.Debug|Any CPU.ActiveCfg = Debug|Any CPU
		{99743095-D8B7-4B4F-96D3-7E2D205232F9}.Debug|Any CPU.Build.0 = Debug|Any CPU
		{99743095-D8B7-4B4F-96D3-7E2D205232F9}.Release|Any CPU.ActiveCfg = Release|Any CPU
		{99743095-D8B7-4B4F-96D3-7E2D205232F9}.Release|Any CPU.Build.0 = Release|Any CPU
		{B4F322F5-8361-4D7D-9166-E55443DF703E}.Debug|Any CPU.ActiveCfg = Debug|Any CPU
		{B4F322F5-8361-4D7D-9166-E55443DF703E}.Debug|Any CPU.Build.0 = Debug|Any CPU
		{B4F322F5-8361-4D7D-9166-E55443DF703E}.Release|Any CPU.ActiveCfg = Release|Any CPU
		{B4F322F5-8361-4D7D-9166-E55443DF703E}.Release|Any CPU.Build.0 = Release|Any CPU
		{8FDFFC29-FC82-4AE3-B7CC-87DF0CF8CB78}.Debug|Any CPU.ActiveCfg = Debug|Any CPU
		{8FDFFC29-FC82-4AE3-B7CC-87DF0CF8CB78}.Debug|Any CPU.Build.0 = Debug|Any CPU
		{8FDFFC29-FC82-4AE3-B7CC-87DF0CF8CB78}.Release|Any CPU.ActiveCfg = Release|Any CPU
		{8FDFFC29-FC82-4AE3-B7CC-87DF0CF8CB78}.Release|Any CPU.Build.0 = Release|Any CPU
		{E4B10E74-8EC9-4C9E-BE06-D4713E0ED82F}.Debug|Any CPU.ActiveCfg = Debug|Any CPU
		{E4B10E74-8EC9-4C9E-BE06-D4713E0ED82F}.Debug|Any CPU.Build.0 = Debug|Any CPU
		{E4B10E74-8EC9-4C9E-BE06-D4713E0ED82F}.Release|Any CPU.ActiveCfg = Release|Any CPU
		{E4B10E74-8EC9-4C9E-BE06-D4713E0ED82F}.Release|Any CPU.Build.0 = Release|Any CPU
		{44EA7B8A-FEBB-4A6A-A8D1-362FF0049409}.Debug|Any CPU.ActiveCfg = Debug|Any CPU
		{44EA7B8A-FEBB-4A6A-A8D1-362FF0049409}.Debug|Any CPU.Build.0 = Debug|Any CPU
		{44EA7B8A-FEBB-4A6A-A8D1-362FF0049409}.Release|Any CPU.ActiveCfg = Release|Any CPU
		{44EA7B8A-FEBB-4A6A-A8D1-362FF0049409}.Release|Any CPU.Build.0 = Release|Any CPU
	EndGlobalSection
	GlobalSection(SolutionProperties) = preSolution
		HideSolutionNode = FALSE
	EndGlobalSection
	GlobalSection(ExtensibilityGlobals) = postSolution
		SolutionGuid = {B16C9F4C-519A-4275-91FA-CACACA4B69D4}
	EndGlobalSection
EndGlobal
