
Microsoft Visual Studio Solution File, Format Version 12.00
# Visual Studio Version 16
VisualStudioVersion = 16.0.29806.167
MinimumVisualStudioVersion = 10.0.40219.1
Project("{FAE04EC0-301F-11D3-BF4B-00C04F79EFBC}") = "ContactListService", "ContactListService\ContactListService.csproj", "{8E87055F-3A77-418C-BC39-DD023556229C}"
EndProject
Global
	GlobalSection(SolutionConfigurationPlatforms) = preSolution
		Debug|Any CPU = Debug|Any CPU
		Release|Any CPU = Release|Any CPU
	EndGlobalSection
	GlobalSection(ProjectConfigurationPlatforms) = postSolution
		{8E87055F-3A77-418C-BC39-DD023556229C}.Debug|Any CPU.ActiveCfg = Debug|Any CPU
		{8E87055F-3A77-418C-BC39-DD023556229C}.Debug|Any CPU.Build.0 = Debug|Any CPU
		{8E87055F-3A77-418C-BC39-DD023556229C}.Release|Any CPU.ActiveCfg = Release|Any CPU
		{8E87055F-3A77-418C-BC39-DD023556229C}.Release|Any CPU.Build.0 = Release|Any CPU
	EndGlobalSection
	GlobalSection(SolutionProperties) = preSolution
		HideSolutionNode = FALSE
	EndGlobalSection
	GlobalSection(ExtensibilityGlobals) = postSolution
		SolutionGuid = {75B575E6-E7DE-4788-A912-4EF29970A227}
	EndGlobalSection
EndGlobal
