
Microsoft Visual Studio Solution File, Format Version 12.00
# Visual Studio Version 16
VisualStudioVersion = 16.0.29728.190
MinimumVisualStudioVersion = 10.0.40219.1
Project("{FAE04EC0-301F-11D3-BF4B-00C04F79EFBC}") = "BankProject.UI", "BankProject.UI.csproj", "{1B3EC30F-2BA8-4D38-AF56-7B15DB555780}"
EndProject
Project("{FAE04EC0-301F-11D3-BF4B-00C04F79EFBC}") = "BankProject.Logic", "..\BankProject.Logic\BankProject.Logic.csproj", "{11AA7539-6130-4773-BE0F-C49E0829217F}"
EndProject
Project("{FAE04EC0-301F-11D3-BF4B-00C04F79EFBC}") = "BankProject.Data", "..\BankProject.Data\BankProject.Data.csproj", "{C6C41A8C-4414-4445-8D33-119B92216611}"
EndProject
Project("{FAE04EC0-301F-11D3-BF4B-00C04F79EFBC}") = "BankProject.MLL", "..\BankProject.MLL\BankProject.MLL.csproj", "{72A6DEBF-0E2D-4E0A-BE7C-FBD60387E7CE}"
EndProject
Global
	GlobalSection(SolutionConfigurationPlatforms) = preSolution
		Debug|Any CPU = Debug|Any CPU
		Release|Any CPU = Release|Any CPU
	EndGlobalSection
	GlobalSection(ProjectConfigurationPlatforms) = postSolution
		{1B3EC30F-2BA8-4D38-AF56-7B15DB555780}.Debug|Any CPU.ActiveCfg = Debug|Any CPU
		{1B3EC30F-2BA8-4D38-AF56-7B15DB555780}.Debug|Any CPU.Build.0 = Debug|Any CPU
		{1B3EC30F-2BA8-4D38-AF56-7B15DB555780}.Release|Any CPU.ActiveCfg = Release|Any CPU
		{1B3EC30F-2BA8-4D38-AF56-7B15DB555780}.Release|Any CPU.Build.0 = Release|Any CPU
		{11AA7539-6130-4773-BE0F-C49E0829217F}.Debug|Any CPU.ActiveCfg = Debug|Any CPU
		{11AA7539-6130-4773-BE0F-C49E0829217F}.Debug|Any CPU.Build.0 = Debug|Any CPU
		{11AA7539-6130-4773-BE0F-C49E0829217F}.Release|Any CPU.ActiveCfg = Release|Any CPU
		{11AA7539-6130-4773-BE0F-C49E0829217F}.Release|Any CPU.Build.0 = Release|Any CPU
		{C6C41A8C-4414-4445-8D33-119B92216611}.Debug|Any CPU.ActiveCfg = Debug|Any CPU
		{C6C41A8C-4414-4445-8D33-119B92216611}.Debug|Any CPU.Build.0 = Debug|Any CPU
		{C6C41A8C-4414-4445-8D33-119B92216611}.Release|Any CPU.ActiveCfg = Release|Any CPU
		{C6C41A8C-4414-4445-8D33-119B92216611}.Release|Any CPU.Build.0 = Release|Any CPU
		{72A6DEBF-0E2D-4E0A-BE7C-FBD60387E7CE}.Debug|Any CPU.ActiveCfg = Debug|Any CPU
		{72A6DEBF-0E2D-4E0A-BE7C-FBD60387E7CE}.Debug|Any CPU.Build.0 = Debug|Any CPU
		{72A6DEBF-0E2D-4E0A-BE7C-FBD60387E7CE}.Release|Any CPU.ActiveCfg = Release|Any CPU
		{72A6DEBF-0E2D-4E0A-BE7C-FBD60387E7CE}.Release|Any CPU.Build.0 = Release|Any CPU
	EndGlobalSection
	GlobalSection(SolutionProperties) = preSolution
		HideSolutionNode = FALSE
	EndGlobalSection
	GlobalSection(ExtensibilityGlobals) = postSolution
		SolutionGuid = {65E1687A-B1BE-4BFE-8BE4-051478A4AF05}
	EndGlobalSection
EndGlobal
