
Microsoft Visual Studio Solution File, Format Version 12.00
# Visual Studio Version 16
VisualStudioVersion = 16.0.29728.190
MinimumVisualStudioVersion = 10.0.40219.1
Project("{FAE04EC0-301F-11D3-BF4B-00C04F79EFBC}") = "TicTacToe.UI", "TicTacToe.UI.csproj", "{CE474E13-3460-4B04-AC19-5B802942759F}"
EndProject
Project("{FAE04EC0-301F-11D3-BF4B-00C04F79EFBC}") = "TicTacToe.BLL", "..\TicTacToe.BLL\TicTacToe.BLL.csproj", "{7C44B982-E5E1-4172-862A-26633EBB0458}"
EndProject
Project("{FAE04EC0-301F-11D3-BF4B-00C04F79EFBC}") = "Demo", "..\Demo\Demo.csproj", "{C9FD8CA3-C8AE-410B-8FCE-0B3A8233F642}"
EndProject
Project("{FAE04EC0-301F-11D3-BF4B-00C04F79EFBC}") = "TicTacToe.Tests", "..\TicTacToe.Tests\TicTacToe.Tests.csproj", "{CCDD2826-EFB8-4BD3-BEC8-381F521FAB72}"
EndProject
Global
	GlobalSection(SolutionConfigurationPlatforms) = preSolution
		Debug|Any CPU = Debug|Any CPU
		Release|Any CPU = Release|Any CPU
	EndGlobalSection
	GlobalSection(ProjectConfigurationPlatforms) = postSolution
		{CE474E13-3460-4B04-AC19-5B802942759F}.Debug|Any CPU.ActiveCfg = Debug|Any CPU
		{CE474E13-3460-4B04-AC19-5B802942759F}.Debug|Any CPU.Build.0 = Debug|Any CPU
		{CE474E13-3460-4B04-AC19-5B802942759F}.Release|Any CPU.ActiveCfg = Release|Any CPU
		{CE474E13-3460-4B04-AC19-5B802942759F}.Release|Any CPU.Build.0 = Release|Any CPU
		{7C44B982-E5E1-4172-862A-26633EBB0458}.Debug|Any CPU.ActiveCfg = Debug|Any CPU
		{7C44B982-E5E1-4172-862A-26633EBB0458}.Debug|Any CPU.Build.0 = Debug|Any CPU
		{7C44B982-E5E1-4172-862A-26633EBB0458}.Release|Any CPU.ActiveCfg = Release|Any CPU
		{7C44B982-E5E1-4172-862A-26633EBB0458}.Release|Any CPU.Build.0 = Release|Any CPU
		{C9FD8CA3-C8AE-410B-8FCE-0B3A8233F642}.Debug|Any CPU.ActiveCfg = Debug|Any CPU
		{C9FD8CA3-C8AE-410B-8FCE-0B3A8233F642}.Debug|Any CPU.Build.0 = Debug|Any CPU
		{C9FD8CA3-C8AE-410B-8FCE-0B3A8233F642}.Release|Any CPU.ActiveCfg = Release|Any CPU
		{C9FD8CA3-C8AE-410B-8FCE-0B3A8233F642}.Release|Any CPU.Build.0 = Release|Any CPU
		{CCDD2826-EFB8-4BD3-BEC8-381F521FAB72}.Debug|Any CPU.ActiveCfg = Debug|Any CPU
		{CCDD2826-EFB8-4BD3-BEC8-381F521FAB72}.Debug|Any CPU.Build.0 = Debug|Any CPU
		{CCDD2826-EFB8-4BD3-BEC8-381F521FAB72}.Release|Any CPU.ActiveCfg = Release|Any CPU
		{CCDD2826-EFB8-4BD3-BEC8-381F521FAB72}.Release|Any CPU.Build.0 = Release|Any CPU
	EndGlobalSection
	GlobalSection(SolutionProperties) = preSolution
		HideSolutionNode = FALSE
	EndGlobalSection
	GlobalSection(ExtensibilityGlobals) = postSolution
		SolutionGuid = {5E4644CC-86EC-4EE4-8002-338F64F51147}
	EndGlobalSection
EndGlobal
